// !$*UTF8*$!
{
	archiveVersion = 1;
	classes = {
	};
	objectVersion = 46;
	objects = {

/* Begin PBXBuildFile section */
		65AE401E1B32C05B004638DB /* AppDelegate.swift in Sources */ = {isa = PBXBuildFile; fileRef = 65AE401D1B32C05B004638DB /* AppDelegate.swift */; };
		65AE40201B32C05B004638DB /* ViewController.swift in Sources */ = {isa = PBXBuildFile; fileRef = 65AE401F1B32C05B004638DB /* ViewController.swift */; };
		65AE40231B32C05B004638DB /* Main.storyboard in Resources */ = {isa = PBXBuildFile; fileRef = 65AE40211B32C05B004638DB /* Main.storyboard */; };
		65AE40251B32C05B004638DB /* Images.xcassets in Resources */ = {isa = PBXBuildFile; fileRef = 65AE40241B32C05B004638DB /* Images.xcassets */; };
		65AE40281B32C05B004638DB /* LaunchScreen.xib in Resources */ = {isa = PBXBuildFile; fileRef = 65AE40261B32C05B004638DB /* LaunchScreen.xib */; };
		65AE40341B32C05B004638DB /* UIStoryboardSampleTests.swift in Sources */ = {isa = PBXBuildFile; fileRef = 65AE40331B32C05B004638DB /* UIStoryboardSampleTests.swift */; };
/* End PBXBuildFile section */

/* Begin PBXContainerItemProxy section */
		65AE402E1B32C05B004638DB /* PBXContainerItemProxy */ = {
			isa = PBXContainerItemProxy;
			containerPortal = 65AE40101B32C05B004638DB /* Project object */;
			proxyType = 1;
			remoteGlobalIDString = 65AE40171B32C05B004638DB;
			remoteInfo = UIStoryboardSample;
		};
/* End PBXContainerItemProxy section */

/* Begin PBXFileReference section */
		65AE40181B32C05B004638DB /* UIStoryboardSample.app */ = {isa = PBXFileReference; explicitFileType = wrapper.application; includeInIndex = 0; path = UIStoryboardSample.app; sourceTree = BUILT_PRODUCTS_DIR; };
		65AE401C1B32C05B004638DB /* Info.plist */ = {isa = PBXFileReference; lastKnownFileType = text.plist.xml; path = Info.plist; sourceTree = "<group>"; };
		65AE401D1B32C05B004638DB /* AppDelegate.swift */ = {isa = PBXFileReference; lastKnownFileType = sourcecode.swift; path = AppDelegate.swift; sourceTree = "<group>"; };
		65AE401F1B32C05B004638DB /* ViewController.swift */ = {isa = PBXFileReference; lastKnownFileType = sourcecode.swift; path = ViewController.swift; sourceTree = "<group>"; };
		65AE40221B32C05B004638DB /* Base */ = {isa = PBXFileReference; lastKnownFileType = file.storyboard; name = Base; path = Base.lproj/Main.storyboard; sourceTree = "<group>"; };
		65AE40241B32C05B004638DB /* Images.xcassets */ = {isa = PBXFileReference; lastKnownFileType = folder.assetcatalog; path = Images.xcassets; sourceTree = "<group>"; };
		65AE40271B32C05B004638DB /* Base */ = {isa = PBXFileReference; lastKnownFileType = file.xib; name = Base; path = Base.lproj/LaunchScreen.xib; sourceTree = "<group>"; };
		65AE402D1B32C05B004638DB /* UIStoryboardSampleTests.xctest */ = {isa = PBXFileReference; explicitFileType = wrapper.cfbundle; includeInIndex = 0; path = UIStoryboardSampleTests.xctest; sourceTree = BUILT_PRODUCTS_DIR; };
		65AE40321B32C05B004638DB /* Info.plist */ = {isa = PBXFileReference; lastKnownFileType = text.plist.xml; path = Info.plist; sourceTree = "<group>"; };
		65AE40331B32C05B004638DB /* UIStoryboardSampleTests.swift */ = {isa = PBXFileReference; lastKnownFileType = sourcecode.swift; path = UIStoryboardSampleTests.swift; sourceTree = "<group>"; };
/* End PBXFileReference section */

/* Begin PBXFrameworksBuildPhase section */
		65AE40151B32C05B004638DB /* Frameworks */ = {
			isa = PBXFrameworksBuildPhase;
			buildActionMask = 2147483647;
			files = (
			);
			runOnlyForDeploymentPostprocessing = 0;
		};
		65AE402A1B32C05B004638DB /* Frameworks */ = {
			isa = PBXFrameworksBuildPhase;
			buildActionMask = 2147483647;
			files = (
			);
			runOnlyForDeploymentPostprocessing = 0;
		};
/* End PBXFrameworksBuildPhase section */

/* Begin PBXGroup section */
		65AE400F1B32C05B004638DB = {
			isa = PBXGroup;
			children = (
				65AE401A1B32C05B004638DB /* UIStoryboardSample */,
				65AE40301B32C05B004638DB /* UIStoryboardSampleTests */,
				65AE40191B32C05B004638DB /* Products */,
			);
			sourceTree = "<group>";
		};
		65AE40191B32C05B004638DB /* Products */ = {
			isa = PBXGroup;
			children = (
				65AE40181B32C05B004638DB /* UIStoryboardSample.app */,
				65AE402D1B32C05B004638DB /* UIStoryboardSampleTests.xctest */,
			);
			name = Products;
			sourceTree = "<group>";
		};
		65AE401A1B32C05B004638DB /* UIStoryboardSample */ = {
			isa = PBXGroup;
			children = (
				65AE401D1B32C05B004638DB /* AppDelegate.swift */,
				65AE401F1B32C05B004638DB /* ViewController.swift */,
				65AE40211B32C05B004638DB /* Main.storyboard */,
				65AE40241B32C05B004638DB /* Images.xcassets */,
				65AE40261B32C05B004638DB /* LaunchScreen.xib */,
				65AE401B1B32C05B004638DB /* Supporting Files */,
			);
			path = UIStoryboardSample;
			sourceTree = "<group>";
		};
		65AE401B1B32C05B004638DB /* Supporting Files */ = {
			isa = PBXGroup;
			children = (
				65AE401C1B32C05B004638DB /* Info.plist */,
			);
			name = "Supporting Files";
			sourceTree = "<group>";
		};
		65AE40301B32C05B004638DB /* UIStoryboardSampleTests */ = {
			isa = PBXGroup;
			children = (
				65AE40331B32C05B004638DB /* UIStoryboardSampleTests.swift */,
				65AE40311B32C05B004638DB /* Supporting Files */,
			);
			path = UIStoryboardSampleTests;
			sourceTree = "<group>";
		};
		65AE40311B32C05B004638DB /* Supporting Files */ = {
			isa = PBXGroup;
			children = (
				65AE40321B32C05B004638DB /* Info.plist */,
			);
			name = "Supporting Files";
			sourceTree = "<group>";
		};
/* End PBXGroup section */

/* Begin PBXNativeTarget section */
		65AE40171B32C05B004638DB /* UIStoryboardSample */ = {
			isa = PBXNativeTarget;
			buildConfigurationList = 65AE40371B32C05B004638DB /* Build configuration list for PBXNativeTarget "UIStoryboardSample" */;
			buildPhases = (
				65AE40141B32C05B004638DB /* Sources */,
				65AE40151B32C05B004638DB /* Frameworks */,
				65AE40161B32C05B004638DB /* Resources */,
			);
			buildRules = (
			);
			dependencies = (
			);
			name = UIStoryboardSample;
			productName = UIStoryboardSample;
			productReference = 65AE40181B32C05B004638DB /* UIStoryboardSample.app */;
			productType = "com.apple.product-type.application";
		};
		65AE402C1B32C05B004638DB /* UIStoryboardSampleTests */ = {
			isa = PBXNativeTarget;
			buildConfigurationList = 65AE403A1B32C05B004638DB /* Build configuration list for PBXNativeTarget "UIStoryboardSampleTests" */;
			buildPhases = (
				65AE40291B32C05B004638DB /* Sources */,
				65AE402A1B32C05B004638DB /* Frameworks */,
				65AE402B1B32C05B004638DB /* Resources */,
			);
			buildRules = (
			);
			dependencies = (
				65AE402F1B32C05B004638DB /* PBXTargetDependency */,
			);
			name = UIStoryboardSampleTests;
			productName = UIStoryboardSampleTests;
			productReference = 65AE402D1B32C05B004638DB /* UIStoryboardSampleTests.xctest */;
			productType = "com.apple.product-type.bundle.unit-test";
		};
/* End PBXNativeTarget section */

/* Begin PBXProject section */
		65AE40101B32C05B004638DB /* Project object */ = {
			isa = PBXProject;
			attributes = {
				LastUpgradeCheck = 0630;
				ORGANIZATIONNAME = "Hirohisa Kawasaki";
				TargetAttributes = {
					65AE40171B32C05B004638DB = {
						CreatedOnToolsVersion = 6.3.2;
					};
					65AE402C1B32C05B004638DB = {
						CreatedOnToolsVersion = 6.3.2;
						TestTargetID = 65AE40171B32C05B004638DB;
					};
				};
			};
			buildConfigurationList = 65AE40131B32C05B004638DB /* Build configuration list for PBXProject "UIStoryboardSample" */;
			compatibilityVersion = "Xcode 3.2";
			developmentRegion = English;
			hasScannedForEncodings = 0;
			knownRegions = (
				en,
				Base,
			);
			mainGroup = 65AE400F1B32C05B004638DB;
			productRefGroup = 65AE40191B32C05B004638DB /* Products */;
			projectDirPath = "";
			projectRoot = "";
			targets = (
				65AE40171B32C05B004638DB /* UIStoryboardSample */,
				65AE402C1B32C05B004638DB /* UIStoryboardSampleTests */,
			);
		};
/* End PBXProject section */

/* Begin PBXResourcesBuildPhase section */
		65AE40161B32C05B004638DB /* Resources */ = {
			isa = PBXResourcesBuildPhase;
			buildActionMask = 2147483647;
			files = (
				65AE40231B32C05B004638DB /* Main.storyboard in Resources */,
				65AE40281B32C05B004638DB /* LaunchScreen.xib in Resources */,
				65AE40251B32C05B004638DB /* Images.xcassets in Resources */,
			);
			runOnlyForDeploymentPostprocessing = 0;
		};
		65AE402B1B32C05B004638DB /* Resources */ = {
			isa = PBXResourcesBuildPhase;
			buildActionMask = 2147483647;
			files = (
			);
			runOnlyForDeploymentPostprocessing = 0;
		};
/* End PBXResourcesBuildPhase section */

/* Begin PBXSourcesBuildPhase section */
		65AE40141B32C05B004638DB /* Sources */ = {
			isa = PBXSourcesBuildPhase;
			buildActionMask = 2147483647;
			files = (
				65AE40201B32C05B004638DB /* ViewController.swift in Sources */,
				65AE401E1B32C05B004638DB /* AppDelegate.swift in Sources */,
			);
			runOnlyForDeploymentPostprocessing = 0;
		};
		65AE40291B32C05B004638DB /* Sources */ = {
			isa = PBXSourcesBuildPhase;
			buildActionMask = 2147483647;
			files = (
				65AE40341B32C05B004638DB /* UIStoryboardSampleTests.swift in Sources */,
			);
			runOnlyForDeploymentPostprocessing = 0;
		};
/* End PBXSourcesBuildPhase section */

/* Begin PBXTargetDependency section */
		65AE402F1B32C05B004638DB /* PBXTargetDependency */ = {
			isa = PBXTargetDependency;
			target = 65AE40171B32C05B004638DB /* UIStoryboardSample */;
			targetProxy = 65AE402E1B32C05B004638DB /* PBXContainerItemProxy */;
		};
/* End PBXTargetDependency section */

/* Begin PBXVariantGroup section */
		65AE40211B32C05B004638DB /* Main.storyboard */ = {
			isa = PBXVariantGroup;
			children = (
				65AE40221B32C05B004638DB /* Base */,
			);
			name = Main.storyboard;
			sourceTree = "<group>";
		};
		65AE40261B32C05B004638DB /* LaunchScreen.xib */ = {
			isa = PBXVariantGroup;
			children = (
				65AE40271B32C05B004638DB /* Base */,
			);
			name = LaunchScreen.xib;
			sourceTree = "<group>";
		};
/* End PBXVariantGroup section */

/* Begin XCBuildConfiguration section */
		65AE40351B32C05B004638DB /* Debug */ = {
			isa = XCBuildConfiguration;
			buildSettings = {
				ALWAYS_SEARCH_USER_PATHS = NO;
				CLANG_CXX_LANGUAGE_STANDARD = "gnu++0x";
				CLANG_CXX_LIBRARY = "libc++";
				CLANG_ENABLE_MODULES = YES;
				CLANG_ENABLE_OBJC_ARC = YES;
				CLANG_WARN_BOOL_CONVERSION = YES;
				CLANG_WARN_CONSTANT_CONVERSION = YES;
				CLANG_WARN_DIRECT_OBJC_ISA_USAGE = YES_ERROR;
				CLANG_WARN_EMPTY_BODY = YES;
				CLANG_WARN_ENUM_CONVERSION = YES;
				CLANG_WARN_INT_CONVERSION = YES;
				CLANG_WARN_OBJC_ROOT_CLASS = YES_ERROR;
				CLANG_WARN_UNREACHABLE_CODE = YES;
				CLANG_WARN__DUPLICATE_METHOD_MATCH = YES;
				"CODE_SIGN_IDENTITY[sdk=iphoneos*]" = "iPhone Developer";
				COPY_PHASE_STRIP = NO;
				DEBUG_INFORMATION_FORMAT = "dwarf-with-dsym";
				ENABLE_STRICT_OBJC_MSGSEND = YES;
				GCC_C_LANGUAGE_STANDARD = gnu99;
				GCC_DYNAMIC_NO_PIC = NO;
				GCC_NO_COMMON_BLOCKS = YES;
				GCC_OPTIMIZATION_LEVEL = 0;
				GCC_PREPROCESSOR_DEFINITIONS = (
					"DEBUG=1",
					"$(inherited)",
				);
				GCC_SYMBOLS_PRIVATE_EXTERN = NO;
				GCC_WARN_64_TO_32_BIT_CONVERSION = YES;
				GCC_WARN_ABOUT_RETURN_TYPE = YES_ERROR;
				GCC_WARN_UNDECLARED_SELECTOR = YES;
				GCC_WARN_UNINITIALIZED_AUTOS = YES_AGGRESSIVE;
				GCC_WARN_UNUSED_FUNCTION = YES;
				GCC_WARN_UNUSED_VARIABLE = YES;
				IPHONEOS_DEPLOYMENT_TARGET = 8.3;
				MTL_ENABLE_DEBUG_INFO = YES;
				ONLY_ACTIVE_ARCH = YES;
				SDKROOT = iphoneos;
				SWIFT_OPTIMIZATION_LEVEL = "-Onone";
				TARGETED_DEVICE_FAMILY = "1,2";
			};
			name = Debug;
		};
		65AE40361B32C05B004638DB /* Release */ = {
			isa = XCBuildConfiguration;
			buildSettings = {
				ALWAYS_SEARCH_USER_PATHS = NO;
				CLANG_CXX_LANGUAGE_STANDARD = "gnu++0x";
				CLANG_CXX_LIBRARY = "libc++";
				CLANG_ENABLE_MODULES = YES;
				CLANG_ENABLE_OBJC_ARC = YES;
				CLANG_WARN_BOOL_CONVERSION = YES;
				CLANG_WARN_CONSTANT_CONVERSION = YES;
				CLANG_WARN_DIRECT_OBJC_ISA_USAGE = YES_ERROR;
				CLANG_WARN_EMPTY_BODY = YES;
				CLANG_WARN_ENUM_CONVERSION = YES;
				CLANG_WARN_INT_CONVERSION = YES;
				CLANG_WARN_OBJC_ROOT_CLASS = YES_ERROR;
				CLANG_WARN_UNREACHABLE_CODE = YES;
				CLANG_WARN__DUPLICATE_METHOD_MATCH = YES;
				"CODE_SIGN_IDENTITY[sdk=iphoneos*]" = "iPhone Developer";
				COPY_PHASE_STRIP = NO;
				DEBUG_INFORMATION_FORMAT = "dwarf-with-dsym";
				ENABLE_NS_ASSERTIONS = NO;
				ENABLE_STRICT_OBJC_MSGSEND = YES;
				GCC_C_LANGUAGE_STANDARD = gnu99;
				GCC_NO_COMMON_BLOCKS = YES;
				GCC_WARN_64_TO_32_BIT_CONVERSION = YES;
				GCC_WARN_ABOUT_RETURN_TYPE = YES_ERROR;
				GCC_WARN_UNDECLARED_SELECTOR = YES;
				GCC_WARN_UNINITIALIZED_AUTOS = YES_AGGRESSIVE;
				GCC_WARN_UNUSED_FUNCTION = YES;
				GCC_WARN_UNUSED_VARIABLE = YES;
				IPHONEOS_DEPLOYMENT_TARGET = 8.3;
				MTL_ENABLE_DEBUG_INFO = NO;
				SDKROOT = iphoneos;
				TARGETED_DEVICE_FAMILY = "1,2";
				VALIDATE_PRODUCT = YES;
			};
			name = Release;
		};
		65AE40381B32C05B004638DB /* Debug */ = {
			isa = XCBuildConfiguration;
			buildSettings = {
				ASSETCATALOG_COMPILER_APPICON_NAME = AppIcon;
				INFOPLIST_FILE = UIStoryboardSample/Info.plist;
				LD_RUNPATH_SEARCH_PATHS = "$(inherited) @executable_path/Frameworks";
				PRODUCT_NAME = "$(TARGET_NAME)";
			};
			name = Debug;
		};
		65AE40391B32C05B004638DB /* Release */ = {
			isa = XCBuildConfiguration;
			buildSettings = {
				ASSETCATALOG_COMPILER_APPICON_NAME = AppIcon;
				INFOPLIST_FILE = UIStoryboardSample/Info.plist;
				LD_RUNPATH_SEARCH_PATHS = "$(inherited) @executable_path/Frameworks";
				PRODUCT_NAME = "$(TARGET_NAME)";
			};
			name = Release;
		};
		65AE403B1B32C05B004638DB /* Debug */ = {
			isa = XCBuildConfiguration;
			buildSettings = {
				BUNDLE_LOADER = "$(TEST_HOST)";
				FRAMEWORK_SEARCH_PATHS = (
					"$(SDKROOT)/Developer/Library/Frameworks",
					"$(inherited)",
				);
				GCC_PREPROCESSOR_DEFINITIONS = (
					"DEBUG=1",
					"$(inherited)",
				);
				INFOPLIST_FILE = UIStoryboardSampleTests/Info.plist;
				LD_RUNPATH_SEARCH_PATHS = "$(inherited) @executable_path/Frameworks @loader_path/Frameworks";
				PRODUCT_NAME = "$(TARGET_NAME)";
				TEST_HOST = "$(BUILT_PRODUCTS_DIR)/UIStoryboardSample.app/UIStoryboardSample";
			};
			name = Debug;
		};
		65AE403C1B32C05B004638DB /* Release */ = {
			isa = XCBuildConfiguration;
			buildSettings = {
				BUNDLE_LOADER = "$(TEST_HOST)";
				FRAMEWORK_SEARCH_PATHS = (
					"$(SDKROOT)/Developer/Library/Frameworks",
					"$(inherited)",
				);
				INFOPLIST_FILE = UIStoryboardSampleTests/Info.plist;
				LD_RUNPATH_SEARCH_PATHS = "$(inherited) @executable_path/Frameworks @loader_path/Frameworks";
				PRODUCT_NAME = "$(TARGET_NAME)";
				TEST_HOST = "$(BUILT_PRODUCTS_DIR)/UIStoryboardSample.app/UIStoryboardSample";
			};
			name = Release;
		};
/* End XCBuildConfiguration section */

/* Begin XCConfigurationList section */
		65AE40131B32C05B004638DB /* Build configuration list for PBXProject "UIStoryboardSample" */ = {
			isa = XCConfigurationList;
			buildConfigurations = (
				65AE40351B32C05B004638DB /* Debug */,
				65AE40361B32C05B004638DB /* Release */,
			);
			defaultConfigurationIsVisible = 0;
			defaultConfigurationName = Release;
		};
		65AE40371B32C05B004638DB /* Build configuration list for PBXNativeTarget "UIStoryboardSample" */ = {
			isa = XCConfigurationList;
			buildConfigurations = (
				65AE40381B32C05B004638DB /* Debug */,
				65AE40391B32C05B004638DB /* Release */,
			);
			defaultConfigurationIsVisible = 0;
		};
		65AE403A1B32C05B004638DB /* Build configuration list for PBXNativeTarget "UIStoryboardSampleTests" */ = {
			isa = XCConfigurationList;
			buildConfigurations = (
				65AE403B1B32C05B004638DB /* Debug */,
				65AE403C1B32C05B004638DB /* Release */,
			);
			defaultConfigurationIsVisible = 0;
		};
/* End XCConfigurationList section */
	};
	rootObject = 65AE40101B32C05B004638DB /* Project object */;
}
