// !$*UTF8*$!
{
	archiveVersion = 1;
	classes = {
	};
	objectVersion = 46;
	objects = {

/* Begin PBXBuildFile section */
		A1EDF1E11B7257E300575569 /* RxSwiftSample.h in Headers */ = {isa = PBXBuildFile; fileRef = A1EDF1E01B7257E300575569 /* RxSwiftSample.h */; settings = {ATTRIBUTES = (Public, ); }; };
		A1EDF1E71B7257E400575569 /* RxSwiftSample.framework in Frameworks */ = {isa = PBXBuildFile; fileRef = A1EDF1DB1B7257E300575569 /* RxSwiftSample.framework */; };
		A1EDF1EE1B7257E400575569 /* RxSwiftSampleTests.swift in Sources */ = {isa = PBXBuildFile; fileRef = A1EDF1ED1B7257E400575569 /* RxSwiftSampleTests.swift */; };
		A6AB717A6E5A931966E8761A /* Pods.framework in Frameworks */ = {isa = PBXBuildFile; fileRef = 3151C8992424FF0A61D802E2 /* Pods.framework */; settings = {ATTRIBUTES = (Weak, ); }; };
/* End PBXBuildFile section */

/* Begin PBXContainerItemProxy section */
		A1EDF1E81B7257E400575569 /* PBXContainerItemProxy */ = {
			isa = PBXContainerItemProxy;
			containerPortal = A1EDF1D21B7257E300575569 /* Project object */;
			proxyType = 1;
			remoteGlobalIDString = A1EDF1DA1B7257E300575569;
			remoteInfo = RxSwiftSample;
		};
/* End PBXContainerItemProxy section */

/* Begin PBXFileReference section */
		189DE4131535A41B2DEFED08 /* Pods.debug.xcconfig */ = {isa = PBXFileReference; includeInIndex = 1; lastKnownFileType = text.xcconfig; name = Pods.debug.xcconfig; path = "Pods/Target Support Files/Pods/Pods.debug.xcconfig"; sourceTree = "<group>"; };
		3151C8992424FF0A61D802E2 /* Pods.framework */ = {isa = PBXFileReference; explicitFileType = wrapper.framework; includeInIndex = 0; path = Pods.framework; sourceTree = BUILT_PRODUCTS_DIR; };
		A1EDF1DB1B7257E300575569 /* RxSwiftSample.framework */ = {isa = PBXFileReference; explicitFileType = wrapper.framework; includeInIndex = 0; path = RxSwiftSample.framework; sourceTree = BUILT_PRODUCTS_DIR; };
		A1EDF1DF1B7257E300575569 /* Info.plist */ = {isa = PBXFileReference; lastKnownFileType = text.plist.xml; path = Info.plist; sourceTree = "<group>"; };
		A1EDF1E01B7257E300575569 /* RxSwiftSample.h */ = {isa = PBXFileReference; lastKnownFileType = sourcecode.c.h; path = RxSwiftSample.h; sourceTree = "<group>"; };
		A1EDF1E61B7257E400575569 /* RxSwiftSampleTests.xctest */ = {isa = PBXFileReference; explicitFileType = wrapper.cfbundle; includeInIndex = 0; path = RxSwiftSampleTests.xctest; sourceTree = BUILT_PRODUCTS_DIR; };
		A1EDF1EC1B7257E400575569 /* Info.plist */ = {isa = PBXFileReference; lastKnownFileType = text.plist.xml; path = Info.plist; sourceTree = "<group>"; };
		A1EDF1ED1B7257E400575569 /* RxSwiftSampleTests.swift */ = {isa = PBXFileReference; lastKnownFileType = sourcecode.swift; path = RxSwiftSampleTests.swift; sourceTree = "<group>"; };
		F26F6C1A66DF9379098A3DF2 /* Pods.release.xcconfig */ = {isa = PBXFileReference; includeInIndex = 1; lastKnownFileType = text.xcconfig; name = Pods.release.xcconfig; path = "Pods/Target Support Files/Pods/Pods.release.xcconfig"; sourceTree = "<group>"; };
/* End PBXFileReference section */

/* Begin PBXFrameworksBuildPhase section */
		A1EDF1D71B7257E300575569 /* Frameworks */ = {
			isa = PBXFrameworksBuildPhase;
			buildActionMask = 2147483647;
			files = (
				A6AB717A6E5A931966E8761A /* Pods.framework in Frameworks */,
			);
			runOnlyForDeploymentPostprocessing = 0;
		};
		A1EDF1E31B7257E400575569 /* Frameworks */ = {
			isa = PBXFrameworksBuildPhase;
			buildActionMask = 2147483647;
			files = (
				A1EDF1E71B7257E400575569 /* RxSwiftSample.framework in Frameworks */,
			);
			runOnlyForDeploymentPostprocessing = 0;
		};
/* End PBXFrameworksBuildPhase section */

/* Begin PBXGroup section */
		A1EDF1D11B7257E300575569 = {
			isa = PBXGroup;
			children = (
				A1EDF1DD1B7257E300575569 /* RxSwiftSample */,
				A1EDF1EA1B7257E400575569 /* RxSwiftSampleTests */,
				A1EDF1DC1B7257E300575569 /* Products */,
				F04F6855F477944144AA16D1 /* Pods */,
				C3A4A11BC474A402C11D8AC3 /* Frameworks */,
			);
			sourceTree = "<group>";
		};
		A1EDF1DC1B7257E300575569 /* Products */ = {
			isa = PBXGroup;
			children = (
				A1EDF1DB1B7257E300575569 /* RxSwiftSample.framework */,
				A1EDF1E61B7257E400575569 /* RxSwiftSampleTests.xctest */,
			);
			name = Products;
			sourceTree = "<group>";
		};
		A1EDF1DD1B7257E300575569 /* RxSwiftSample */ = {
			isa = PBXGroup;
			children = (
				A1EDF1E01B7257E300575569 /* RxSwiftSample.h */,
				A1EDF1DE1B7257E300575569 /* Supporting Files */,
			);
			path = RxSwiftSample;
			sourceTree = "<group>";
		};
		A1EDF1DE1B7257E300575569 /* Supporting Files */ = {
			isa = PBXGroup;
			children = (
				A1EDF1DF1B7257E300575569 /* Info.plist */,
			);
			name = "Supporting Files";
			sourceTree = "<group>";
		};
		A1EDF1EA1B7257E400575569 /* RxSwiftSampleTests */ = {
			isa = PBXGroup;
			children = (
				A1EDF1ED1B7257E400575569 /* RxSwiftSampleTests.swift */,
				A1EDF1EB1B7257E400575569 /* Supporting Files */,
			);
			path = RxSwiftSampleTests;
			sourceTree = "<group>";
		};
		A1EDF1EB1B7257E400575569 /* Supporting Files */ = {
			isa = PBXGroup;
			children = (
				A1EDF1EC1B7257E400575569 /* Info.plist */,
			);
			name = "Supporting Files";
			sourceTree = "<group>";
		};
		C3A4A11BC474A402C11D8AC3 /* Frameworks */ = {
			isa = PBXGroup;
			children = (
				3151C8992424FF0A61D802E2 /* Pods.framework */,
			);
			name = Frameworks;
			sourceTree = "<group>";
		};
		F04F6855F477944144AA16D1 /* Pods */ = {
			isa = PBXGroup;
			children = (
				189DE4131535A41B2DEFED08 /* Pods.debug.xcconfig */,
				F26F6C1A66DF9379098A3DF2 /* Pods.release.xcconfig */,
			);
			name = Pods;
			sourceTree = "<group>";
		};
/* End PBXGroup section */

/* Begin PBXHeadersBuildPhase section */
		A1EDF1D81B7257E300575569 /* Headers */ = {
			isa = PBXHeadersBuildPhase;
			buildActionMask = 2147483647;
			files = (
				A1EDF1E11B7257E300575569 /* RxSwiftSample.h in Headers */,
			);
			runOnlyForDeploymentPostprocessing = 0;
		};
/* End PBXHeadersBuildPhase section */

/* Begin PBXNativeTarget section */
		A1EDF1DA1B7257E300575569 /* RxSwiftSample */ = {
			isa = PBXNativeTarget;
			buildConfigurationList = A1EDF1F11B7257E400575569 /* Build configuration list for PBXNativeTarget "RxSwiftSample" */;
			buildPhases = (
				9CA639CF20E9E867C03241D8 /* Check Pods Manifest.lock */,
				A1EDF1D61B7257E300575569 /* Sources */,
				A1EDF1D71B7257E300575569 /* Frameworks */,
				A1EDF1D81B7257E300575569 /* Headers */,
				A1EDF1D91B7257E300575569 /* Resources */,
				30F38E223DE1BD2C2E87B6E1 /* Copy Pods Resources */,
			);
			buildRules = (
			);
			dependencies = (
			);
			name = RxSwiftSample;
			productName = RxSwiftSample;
			productReference = A1EDF1DB1B7257E300575569 /* RxSwiftSample.framework */;
			productType = "com.apple.product-type.framework";
		};
		A1EDF1E51B7257E400575569 /* RxSwiftSampleTests */ = {
			isa = PBXNativeTarget;
			buildConfigurationList = A1EDF1F41B7257E400575569 /* Build configuration list for PBXNativeTarget "RxSwiftSampleTests" */;
			buildPhases = (
				A1EDF1E21B7257E400575569 /* Sources */,
				A1EDF1E31B7257E400575569 /* Frameworks */,
				A1EDF1E41B7257E400575569 /* Resources */,
			);
			buildRules = (
			);
			dependencies = (
				A1EDF1E91B7257E400575569 /* PBXTargetDependency */,
			);
			name = RxSwiftSampleTests;
			productName = RxSwiftSampleTests;
			productReference = A1EDF1E61B7257E400575569 /* RxSwiftSampleTests.xctest */;
			productType = "com.apple.product-type.bundle.unit-test";
		};
/* End PBXNativeTarget section */

/* Begin PBXProject section */
		A1EDF1D21B7257E300575569 /* Project object */ = {
			isa = PBXProject;
			attributes = {
				LastUpgradeCheck = 0640;
				ORGANIZATIONNAME = "Hirohisa Kawasaki";
				TargetAttributes = {
					A1EDF1DA1B7257E300575569 = {
						CreatedOnToolsVersion = 6.4;
					};
					A1EDF1E51B7257E400575569 = {
						CreatedOnToolsVersion = 6.4;
					};
				};
			};
			buildConfigurationList = A1EDF1D51B7257E300575569 /* Build configuration list for PBXProject "RxSwiftSample" */;
			compatibilityVersion = "Xcode 3.2";
			developmentRegion = English;
			hasScannedForEncodings = 0;
			knownRegions = (
				en,
			);
			mainGroup = A1EDF1D11B7257E300575569;
			productRefGroup = A1EDF1DC1B7257E300575569 /* Products */;
			projectDirPath = "";
			projectRoot = "";
			targets = (
				A1EDF1DA1B7257E300575569 /* RxSwiftSample */,
				A1EDF1E51B7257E400575569 /* RxSwiftSampleTests */,
			);
		};
/* End PBXProject section */

/* Begin PBXResourcesBuildPhase section */
		A1EDF1D91B7257E300575569 /* Resources */ = {
			isa = PBXResourcesBuildPhase;
			buildActionMask = 2147483647;
			files = (
			);
			runOnlyForDeploymentPostprocessing = 0;
		};
		A1EDF1E41B7257E400575569 /* Resources */ = {
			isa = PBXResourcesBuildPhase;
			buildActionMask = 2147483647;
			files = (
			);
			runOnlyForDeploymentPostprocessing = 0;
		};
/* End PBXResourcesBuildPhase section */

/* Begin PBXShellScriptBuildPhase section */
		30F38E223DE1BD2C2E87B6E1 /* Copy Pods Resources */ = {
			isa = PBXShellScriptBuildPhase;
			buildActionMask = 2147483647;
			files = (
			);
			inputPaths = (
			);
			name = "Copy Pods Resources";
			outputPaths = (
			);
			runOnlyForDeploymentPostprocessing = 0;
			shellPath = /bin/sh;
			shellScript = "\"${SRCROOT}/Pods/Target Support Files/Pods/Pods-resources.sh\"\n";
			showEnvVarsInLog = 0;
		};
		9CA639CF20E9E867C03241D8 /* Check Pods Manifest.lock */ = {
			isa = PBXShellScriptBuildPhase;
			buildActionMask = 2147483647;
			files = (
			);
			inputPaths = (
			);
			name = "Check Pods Manifest.lock";
			outputPaths = (
			);
			runOnlyForDeploymentPostprocessing = 0;
			shellPath = /bin/sh;
			shellScript = "diff \"${PODS_ROOT}/../Podfile.lock\" \"${PODS_ROOT}/Manifest.lock\" > /dev/null\nif [[ $? != 0 ]] ; then\n    cat << EOM\nerror: The sandbox is not in sync with the Podfile.lock. Run 'pod install' or update your CocoaPods installation.\nEOM\n    exit 1\nfi\n";
			showEnvVarsInLog = 0;
		};
/* End PBXShellScriptBuildPhase section */

/* Begin PBXSourcesBuildPhase section */
		A1EDF1D61B7257E300575569 /* Sources */ = {
			isa = PBXSourcesBuildPhase;
			buildActionMask = 2147483647;
			files = (
			);
			runOnlyForDeploymentPostprocessing = 0;
		};
		A1EDF1E21B7257E400575569 /* Sources */ = {
			isa = PBXSourcesBuildPhase;
			buildActionMask = 2147483647;
			files = (
				A1EDF1EE1B7257E400575569 /* RxSwiftSampleTests.swift in Sources */,
			);
			runOnlyForDeploymentPostprocessing = 0;
		};
/* End PBXSourcesBuildPhase section */

/* Begin PBXTargetDependency section */
		A1EDF1E91B7257E400575569 /* PBXTargetDependency */ = {
			isa = PBXTargetDependency;
			target = A1EDF1DA1B7257E300575569 /* RxSwiftSample */;
			targetProxy = A1EDF1E81B7257E400575569 /* PBXContainerItemProxy */;
		};
/* End PBXTargetDependency section */

/* Begin XCBuildConfiguration section */
		A1EDF1EF1B7257E400575569 /* Debug */ = {
			isa = XCBuildConfiguration;
			buildSettings = {
				ALWAYS_SEARCH_USER_PATHS = NO;
				CLANG_CXX_LANGUAGE_STANDARD = "gnu++0x";
				CLANG_CXX_LIBRARY = "libc++";
				CLANG_ENABLE_MODULES = YES;
				CLANG_ENABLE_OBJC_ARC = YES;
				CLANG_WARN_BOOL_CONVERSION = YES;
				CLANG_WARN_CONSTANT_CONVERSION = YES;
				CLANG_WARN_DIRECT_OBJC_ISA_USAGE = YES_ERROR;
				CLANG_WARN_EMPTY_BODY = YES;
				CLANG_WARN_ENUM_CONVERSION = YES;
				CLANG_WARN_INT_CONVERSION = YES;
				CLANG_WARN_OBJC_ROOT_CLASS = YES_ERROR;
				CLANG_WARN_UNREACHABLE_CODE = YES;
				CLANG_WARN__DUPLICATE_METHOD_MATCH = YES;
				"CODE_SIGN_IDENTITY[sdk=iphoneos*]" = "iPhone Developer";
				COPY_PHASE_STRIP = NO;
				CURRENT_PROJECT_VERSION = 1;
				DEBUG_INFORMATION_FORMAT = "dwarf-with-dsym";
				ENABLE_STRICT_OBJC_MSGSEND = YES;
				GCC_C_LANGUAGE_STANDARD = gnu99;
				GCC_DYNAMIC_NO_PIC = NO;
				GCC_NO_COMMON_BLOCKS = YES;
				GCC_OPTIMIZATION_LEVEL = 0;
				GCC_PREPROCESSOR_DEFINITIONS = (
					"DEBUG=1",
					"$(inherited)",
				);
				GCC_SYMBOLS_PRIVATE_EXTERN = NO;
				GCC_WARN_64_TO_32_BIT_CONVERSION = YES;
				GCC_WARN_ABOUT_RETURN_TYPE = YES_ERROR;
				GCC_WARN_UNDECLARED_SELECTOR = YES;
				GCC_WARN_UNINITIALIZED_AUTOS = YES_AGGRESSIVE;
				GCC_WARN_UNUSED_FUNCTION = YES;
				GCC_WARN_UNUSED_VARIABLE = YES;
				IPHONEOS_DEPLOYMENT_TARGET = 8.4;
				MTL_ENABLE_DEBUG_INFO = YES;
				ONLY_ACTIVE_ARCH = YES;
				SDKROOT = iphoneos;
				SWIFT_OPTIMIZATION_LEVEL = "-Onone";
				TARGETED_DEVICE_FAMILY = "1,2";
				VERSIONING_SYSTEM = "apple-generic";
				VERSION_INFO_PREFIX = "";
			};
			name = Debug;
		};
		A1EDF1F01B7257E400575569 /* Release */ = {
			isa = XCBuildConfiguration;
			buildSettings = {
				ALWAYS_SEARCH_USER_PATHS = NO;
				CLANG_CXX_LANGUAGE_STANDARD = "gnu++0x";
				CLANG_CXX_LIBRARY = "libc++";
				CLANG_ENABLE_MODULES = YES;
				CLANG_ENABLE_OBJC_ARC = YES;
				CLANG_WARN_BOOL_CONVERSION = YES;
				CLANG_WARN_CONSTANT_CONVERSION = YES;
				CLANG_WARN_DIRECT_OBJC_ISA_USAGE = YES_ERROR;
				CLANG_WARN_EMPTY_BODY = YES;
				CLANG_WARN_ENUM_CONVERSION = YES;
				CLANG_WARN_INT_CONVERSION = YES;
				CLANG_WARN_OBJC_ROOT_CLASS = YES_ERROR;
				CLANG_WARN_UNREACHABLE_CODE = YES;
				CLANG_WARN__DUPLICATE_METHOD_MATCH = YES;
				"CODE_SIGN_IDENTITY[sdk=iphoneos*]" = "iPhone Developer";
				COPY_PHASE_STRIP = NO;
				CURRENT_PROJECT_VERSION = 1;
				DEBUG_INFORMATION_FORMAT = "dwarf-with-dsym";
				ENABLE_NS_ASSERTIONS = NO;
				ENABLE_STRICT_OBJC_MSGSEND = YES;
				GCC_C_LANGUAGE_STANDARD = gnu99;
				GCC_NO_COMMON_BLOCKS = YES;
				GCC_WARN_64_TO_32_BIT_CONVERSION = YES;
				GCC_WARN_ABOUT_RETURN_TYPE = YES_ERROR;
				GCC_WARN_UNDECLARED_SELECTOR = YES;
				GCC_WARN_UNINITIALIZED_AUTOS = YES_AGGRESSIVE;
				GCC_WARN_UNUSED_FUNCTION = YES;
				GCC_WARN_UNUSED_VARIABLE = YES;
				IPHONEOS_DEPLOYMENT_TARGET = 8.4;
				MTL_ENABLE_DEBUG_INFO = NO;
				SDKROOT = iphoneos;
				TARGETED_DEVICE_FAMILY = "1,2";
				VALIDATE_PRODUCT = YES;
				VERSIONING_SYSTEM = "apple-generic";
				VERSION_INFO_PREFIX = "";
			};
			name = Release;
		};
		A1EDF1F21B7257E400575569 /* Debug */ = {
			isa = XCBuildConfiguration;
			baseConfigurationReference = 189DE4131535A41B2DEFED08 /* Pods.debug.xcconfig */;
			buildSettings = {
				DEFINES_MODULE = YES;
				DYLIB_COMPATIBILITY_VERSION = 1;
				DYLIB_CURRENT_VERSION = 1;
				DYLIB_INSTALL_NAME_BASE = "@rpath";
				INFOPLIST_FILE = RxSwiftSample/Info.plist;
				INSTALL_PATH = "$(LOCAL_LIBRARY_DIR)/Frameworks";
				LD_RUNPATH_SEARCH_PATHS = "$(inherited) @executable_path/Frameworks @loader_path/Frameworks";
				PRODUCT_NAME = "$(TARGET_NAME)";
				SKIP_INSTALL = YES;
			};
			name = Debug;
		};
		A1EDF1F31B7257E400575569 /* Release */ = {
			isa = XCBuildConfiguration;
			baseConfigurationReference = F26F6C1A66DF9379098A3DF2 /* Pods.release.xcconfig */;
			buildSettings = {
				DEFINES_MODULE = YES;
				DYLIB_COMPATIBILITY_VERSION = 1;
				DYLIB_CURRENT_VERSION = 1;
				DYLIB_INSTALL_NAME_BASE = "@rpath";
				INFOPLIST_FILE = RxSwiftSample/Info.plist;
				INSTALL_PATH = "$(LOCAL_LIBRARY_DIR)/Frameworks";
				LD_RUNPATH_SEARCH_PATHS = "$(inherited) @executable_path/Frameworks @loader_path/Frameworks";
				PRODUCT_NAME = "$(TARGET_NAME)";
				SKIP_INSTALL = YES;
			};
			name = Release;
		};
		A1EDF1F51B7257E400575569 /* Debug */ = {
			isa = XCBuildConfiguration;
			buildSettings = {
				FRAMEWORK_SEARCH_PATHS = (
					"$(SDKROOT)/Developer/Library/Frameworks",
					"$(inherited)",
				);
				GCC_PREPROCESSOR_DEFINITIONS = (
					"DEBUG=1",
					"$(inherited)",
				);
				INFOPLIST_FILE = RxSwiftSampleTests/Info.plist;
				LD_RUNPATH_SEARCH_PATHS = "$(inherited) @executable_path/Frameworks @loader_path/Frameworks";
				PRODUCT_NAME = "$(TARGET_NAME)";
			};
			name = Debug;
		};
		A1EDF1F61B7257E400575569 /* Release */ = {
			isa = XCBuildConfiguration;
			buildSettings = {
				FRAMEWORK_SEARCH_PATHS = (
					"$(SDKROOT)/Developer/Library/Frameworks",
					"$(inherited)",
				);
				INFOPLIST_FILE = RxSwiftSampleTests/Info.plist;
				LD_RUNPATH_SEARCH_PATHS = "$(inherited) @executable_path/Frameworks @loader_path/Frameworks";
				PRODUCT_NAME = "$(TARGET_NAME)";
			};
			name = Release;
		};
/* End XCBuildConfiguration section */

/* Begin XCConfigurationList section */
		A1EDF1D51B7257E300575569 /* Build configuration list for PBXProject "RxSwiftSample" */ = {
			isa = XCConfigurationList;
			buildConfigurations = (
				A1EDF1EF1B7257E400575569 /* Debug */,
				A1EDF1F01B7257E400575569 /* Release */,
			);
			defaultConfigurationIsVisible = 0;
			defaultConfigurationName = Release;
		};
		A1EDF1F11B7257E400575569 /* Build configuration list for PBXNativeTarget "RxSwiftSample" */ = {
			isa = XCConfigurationList;
			buildConfigurations = (
				A1EDF1F21B7257E400575569 /* Debug */,
				A1EDF1F31B7257E400575569 /* Release */,
			);
			defaultConfigurationIsVisible = 0;
			defaultConfigurationName = Release;
		};
		A1EDF1F41B7257E400575569 /* Build configuration list for PBXNativeTarget "RxSwiftSampleTests" */ = {
			isa = XCConfigurationList;
			buildConfigurations = (
				A1EDF1F51B7257E400575569 /* Debug */,
				A1EDF1F61B7257E400575569 /* Release */,
			);
			defaultConfigurationIsVisible = 0;
			defaultConfigurationName = Release;
		};
/* End XCConfigurationList section */
	};
	rootObject = A1EDF1D21B7257E300575569 /* Project object */;
}
